// !$*UTF8*$!
{
	archiveVersion = 1;
	classes = {
	};
	objectVersion = 56;
	objects = {

/* Begin PBXBuildFile section */
		639031A229407901000D4795 /* AppDelegate.swift in Sources */ = {isa = PBXBuildFile; fileRef = 639031A129407901000D4795 /* AppDelegate.swift */; };
		639031AB29407902000D4795 /* Assets.xcassets in Resources */ = {isa = PBXBuildFile; fileRef = 639031AA29407902000D4795 /* Assets.xcassets */; };
		639031AE29407902000D4795 /* LaunchScreen.storyboard in Resources */ = {isa = PBXBuildFile; fileRef = 639031AC29407902000D4795 /* LaunchScreen.storyboard */; };
		639031B629407987000D4795 /* MainTabView.swift in Sources */ = {isa = PBXBuildFile; fileRef = 639031B529407987000D4795 /* MainTabView.swift */; };
		639031BD29407F07000D4795 /* FeedView.swift in Sources */ = {isa = PBXBuildFile; fileRef = 639031BC29407F07000D4795 /* FeedView.swift */; };
		639031BF29408146000D4795 /* ExploreView.swift in Sources */ = {isa = PBXBuildFile; fileRef = 639031BE29408146000D4795 /* ExploreView.swift */; };
		639031C1294081BA000D4795 /* NotificationView.swift in Sources */ = {isa = PBXBuildFile; fileRef = 639031C0294081BA000D4795 /* NotificationView.swift */; };
		639031C3294081D3000D4795 /* ConversationsView.swift in Sources */ = {isa = PBXBuildFile; fileRef = 639031C2294081D3000D4795 /* ConversationsView.swift */; };
		639031C52940A449000D4795 /* Extenstions.swift in Sources */ = {isa = PBXBuildFile; fileRef = 639031C42940A449000D4795 /* Extenstions.swift */; };
		639031C82940BBA0000D4795 /* LoginView.swift in Sources */ = {isa = PBXBuildFile; fileRef = 639031C72940BBA0000D4795 /* LoginView.swift */; };
		639031CA2940BC45000D4795 /* RegisterationView.swift in Sources */ = {isa = PBXBuildFile; fileRef = 639031C92940BC45000D4795 /* RegisterationView.swift */; };
		63FB3A3B2946F37A00E7EAD2 /* SnapKit in Frameworks */ = {isa = PBXBuildFile; productRef = 63FB3A3A2946F37A00E7EAD2 /* SnapKit */; };
		63FB3A3D2947087600E7EAD2 /* Utilites.swift in Sources */ = {isa = PBXBuildFile; fileRef = 63FB3A3C2947087600E7EAD2 /* Utilites.swift */; };
		63FB3A3F2947398500E7EAD2 /* GoogleService-Info.plist in Resources */ = {isa = PBXBuildFile; fileRef = 63FB3A3E2947398500E7EAD2 /* GoogleService-Info.plist */; };
		63FB3A4229473AF000E7EAD2 /* FirebaseAuth in Frameworks */ = {isa = PBXBuildFile; productRef = 63FB3A4129473AF000E7EAD2 /* FirebaseAuth */; };
		63FB3A4429473AF000E7EAD2 /* FirebaseDatabase in Frameworks */ = {isa = PBXBuildFile; productRef = 63FB3A4329473AF000E7EAD2 /* FirebaseDatabase */; };
		63FB3A4629473AF000E7EAD2 /* FirebaseStorage in Frameworks */ = {isa = PBXBuildFile; productRef = 63FB3A4529473AF000E7EAD2 /* FirebaseStorage */; };
		63FB3A4A29474E5300E7EAD2 /* Constants.swift in Sources */ = {isa = PBXBuildFile; fileRef = 63FB3A4929474E5300E7EAD2 /* Constants.swift */; };
		63FB3A4C294765DB00E7EAD2 /* AuthService.swift in Sources */ = {isa = PBXBuildFile; fileRef = 63FB3A4B294765DB00E7EAD2 /* AuthService.swift */; };
/* End PBXBuildFile section */

/* Begin PBXFileReference section */
		6390319E29407901000D4795 /* TwitterProject(Rx+MVVM).app */ = {isa = PBXFileReference; explicitFileType = wrapper.application; includeInIndex = 0; path = "TwitterProject(Rx+MVVM).app"; sourceTree = BUILT_PRODUCTS_DIR; };
		639031A129407901000D4795 /* AppDelegate.swift */ = {isa = PBXFileReference; lastKnownFileType = sourcecode.swift; path = AppDelegate.swift; sourceTree = "<group>"; };
		639031AA29407902000D4795 /* Assets.xcassets */ = {isa = PBXFileReference; lastKnownFileType = folder.assetcatalog; path = Assets.xcassets; sourceTree = "<group>"; };
		639031AD29407902000D4795 /* Base */ = {isa = PBXFileReference; lastKnownFileType = file.storyboard; name = Base; path = Base.lproj/LaunchScreen.storyboard; sourceTree = "<group>"; };
		639031AF29407902000D4795 /* Info.plist */ = {isa = PBXFileReference; lastKnownFileType = text.plist.xml; path = Info.plist; sourceTree = "<group>"; };
		639031B529407987000D4795 /* MainTabView.swift */ = {isa = PBXFileReference; lastKnownFileType = sourcecode.swift; path = MainTabView.swift; sourceTree = "<group>"; };
		639031BC29407F07000D4795 /* FeedView.swift */ = {isa = PBXFileReference; lastKnownFileType = sourcecode.swift; path = FeedView.swift; sourceTree = "<group>"; };
		639031BE29408146000D4795 /* ExploreView.swift */ = {isa = PBXFileReference; lastKnownFileType = sourcecode.swift; path = ExploreView.swift; sourceTree = "<group>"; };
		639031C0294081BA000D4795 /* NotificationView.swift */ = {isa = PBXFileReference; lastKnownFileType = sourcecode.swift; path = NotificationView.swift; sourceTree = "<group>"; };
		639031C2294081D3000D4795 /* ConversationsView.swift */ = {isa = PBXFileReference; lastKnownFileType = sourcecode.swift; path = ConversationsView.swift; sourceTree = "<group>"; };
		639031C42940A449000D4795 /* Extenstions.swift */ = {isa = PBXFileReference; lastKnownFileType = sourcecode.swift; path = Extenstions.swift; sourceTree = "<group>"; };
		639031C72940BBA0000D4795 /* LoginView.swift */ = {isa = PBXFileReference; lastKnownFileType = sourcecode.swift; path = LoginView.swift; sourceTree = "<group>"; };
		639031C92940BC45000D4795 /* RegisterationView.swift */ = {isa = PBXFileReference; lastKnownFileType = sourcecode.swift; path = RegisterationView.swift; sourceTree = "<group>"; };
		63FB3A3C2947087600E7EAD2 /* Utilites.swift */ = {isa = PBXFileReference; lastKnownFileType = sourcecode.swift; path = Utilites.swift; sourceTree = "<group>"; };
		63FB3A3E2947398500E7EAD2 /* GoogleService-Info.plist */ = {isa = PBXFileReference; lastKnownFileType = text.plist; path = "GoogleService-Info.plist"; sourceTree = SOURCE_ROOT; };
		63FB3A4929474E5300E7EAD2 /* Constants.swift */ = {isa = PBXFileReference; lastKnownFileType = sourcecode.swift; path = Constants.swift; sourceTree = "<group>"; };
		63FB3A4B294765DB00E7EAD2 /* AuthService.swift */ = {isa = PBXFileReference; lastKnownFileType = sourcecode.swift; path = AuthService.swift; sourceTree = "<group>"; };
/* End PBXFileReference section */

/* Begin PBXFrameworksBuildPhase section */
		6390319B29407901000D4795 /* Frameworks */ = {
			isa = PBXFrameworksBuildPhase;
			buildActionMask = 2147483647;
			files = (
				63FB3A4429473AF000E7EAD2 /* FirebaseDatabase in Frameworks */,
				63FB3A4629473AF000E7EAD2 /* FirebaseStorage in Frameworks */,
				63FB3A3B2946F37A00E7EAD2 /* SnapKit in Frameworks */,
				63FB3A4229473AF000E7EAD2 /* FirebaseAuth in Frameworks */,
			);
			runOnlyForDeploymentPostprocessing = 0;
		};
/* End PBXFrameworksBuildPhase section */

/* Begin PBXGroup section */
		6390319529407901000D4795 = {
			isa = PBXGroup;
			children = (
				639031A029407901000D4795 /* TwitterProject(Rx+MVVM) */,
				6390319F29407901000D4795 /* Products */,
			);
			sourceTree = "<group>";
		};
		6390319F29407901000D4795 /* Products */ = {
			isa = PBXGroup;
			children = (
				6390319E29407901000D4795 /* TwitterProject(Rx+MVVM).app */,
			);
			name = Products;
			sourceTree = "<group>";
		};
		639031A029407901000D4795 /* TwitterProject(Rx+MVVM) */ = {
			isa = PBXGroup;
			children = (
				63FB3A4829474DB900E7EAD2 /* Resources */,
				63FB3A4729474D6C00E7EAD2 /* Sources */,
				639031AF29407902000D4795 /* Info.plist */,
				63FB3A3E2947398500E7EAD2 /* GoogleService-Info.plist */,
			);
			path = "TwitterProject(Rx+MVVM)";
			sourceTree = "<group>";
		};
		639031B729407E62000D4795 /* Model */ = {
			isa = PBXGroup;
			children = (
			);
			path = Model;
			sourceTree = "<group>";
		};
		639031B829407E6B000D4795 /* View */ = {
			isa = PBXGroup;
			children = (
				639031C62940BB8D000D4795 /* Authentication */,
				639031B529407987000D4795 /* MainTabView.swift */,
				639031BC29407F07000D4795 /* FeedView.swift */,
				639031BE29408146000D4795 /* ExploreView.swift */,
				639031C0294081BA000D4795 /* NotificationView.swift */,
				639031C2294081D3000D4795 /* ConversationsView.swift */,
			);
			path = View;
			sourceTree = "<group>";
		};
		639031B929407E70000D4795 /* ViewModel */ = {
			isa = PBXGroup;
			children = (
			);
			path = ViewModel;
			sourceTree = "<group>";
		};
		639031BA29407E75000D4795 /* API */ = {
			isa = PBXGroup;
			children = (
				63FB3A4B294765DB00E7EAD2 /* AuthService.swift */,
			);
			path = API;
			sourceTree = "<group>";
		};
		639031BB29407E79000D4795 /* Utills */ = {
			isa = PBXGroup;
			children = (
				639031C42940A449000D4795 /* Extenstions.swift */,
				63FB3A3C2947087600E7EAD2 /* Utilites.swift */,
				63FB3A4929474E5300E7EAD2 /* Constants.swift */,
			);
			path = Utills;
			sourceTree = "<group>";
		};
		639031C62940BB8D000D4795 /* Authentication */ = {
			isa = PBXGroup;
			children = (
				639031C72940BBA0000D4795 /* LoginView.swift */,
				639031C92940BC45000D4795 /* RegisterationView.swift */,
			);
			path = Authentication;
			sourceTree = "<group>";
		};
		63FB3A4729474D6C00E7EAD2 /* Sources */ = {
			isa = PBXGroup;
			children = (
				639031A129407901000D4795 /* AppDelegate.swift */,
				639031B729407E62000D4795 /* Model */,
				639031B829407E6B000D4795 /* View */,
				639031B929407E70000D4795 /* ViewModel */,
				639031BA29407E75000D4795 /* API */,
				639031BB29407E79000D4795 /* Utills */,
			);
			path = Sources;
			sourceTree = "<group>";
		};
		63FB3A4829474DB900E7EAD2 /* Resources */ = {
			isa = PBXGroup;
			children = (
				639031AC29407902000D4795 /* LaunchScreen.storyboard */,
				639031AA29407902000D4795 /* Assets.xcassets */,
			);
			path = Resources;
			sourceTree = "<group>";
		};
/* End PBXGroup section */

/* Begin PBXNativeTarget section */
		6390319D29407901000D4795 /* TwitterProject(Rx+MVVM) */ = {
			isa = PBXNativeTarget;
			buildConfigurationList = 639031B229407902000D4795 /* Build configuration list for PBXNativeTarget "TwitterProject(Rx+MVVM)" */;
			buildPhases = (
				6390319A29407901000D4795 /* Sources */,
				6390319B29407901000D4795 /* Frameworks */,
				6390319C29407901000D4795 /* Resources */,
			);
			buildRules = (
			);
			dependencies = (
			);
			name = "TwitterProject(Rx+MVVM)";
			packageProductDependencies = (
				63FB3A3A2946F37A00E7EAD2 /* SnapKit */,
				63FB3A4129473AF000E7EAD2 /* FirebaseAuth */,
				63FB3A4329473AF000E7EAD2 /* FirebaseDatabase */,
				63FB3A4529473AF000E7EAD2 /* FirebaseStorage */,
			);
			productName = "TwitterProject(Rx+MVVM)";
			productReference = 6390319E29407901000D4795 /* TwitterProject(Rx+MVVM).app */;
			productType = "com.apple.product-type.application";
		};
/* End PBXNativeTarget section */

/* Begin PBXProject section */
		6390319629407901000D4795 /* Project object */ = {
			isa = PBXProject;
			attributes = {
				BuildIndependentTargetsInParallel = 1;
				LastSwiftUpdateCheck = 1400;
				LastUpgradeCheck = 1400;
				TargetAttributes = {
					6390319D29407901000D4795 = {
						CreatedOnToolsVersion = 14.0.1;
					};
				};
			};
			buildConfigurationList = 6390319929407901000D4795 /* Build configuration list for PBXProject "TwitterProject(Rx+MVVM)" */;
			compatibilityVersion = "Xcode 14.0";
			developmentRegion = en;
			hasScannedForEncodings = 0;
			knownRegions = (
				en,
				Base,
			);
			mainGroup = 6390319529407901000D4795;
			packageReferences = (
				63FB3A392946F37A00E7EAD2 /* XCRemoteSwiftPackageReference "SnapKit" */,
				63FB3A4029473AF000E7EAD2 /* XCRemoteSwiftPackageReference "firebase-ios-sdk" */,
			);
			productRefGroup = 6390319F29407901000D4795 /* Products */;
			projectDirPath = "";
			projectRoot = "";
			targets = (
				6390319D29407901000D4795 /* TwitterProject(Rx+MVVM) */,
			);
		};
/* End PBXProject section */

/* Begin PBXResourcesBuildPhase section */
		6390319C29407901000D4795 /* Resources */ = {
			isa = PBXResourcesBuildPhase;
			buildActionMask = 2147483647;
			files = (
				639031AE29407902000D4795 /* LaunchScreen.storyboard in Resources */,
				639031AB29407902000D4795 /* Assets.xcassets in Resources */,
				63FB3A3F2947398500E7EAD2 /* GoogleService-Info.plist in Resources */,
			);
			runOnlyForDeploymentPostprocessing = 0;
		};
/* End PBXResourcesBuildPhase section */

/* Begin PBXSourcesBuildPhase section */
		6390319A29407901000D4795 /* Sources */ = {
			isa = PBXSourcesBuildPhase;
			buildActionMask = 2147483647;
			files = (
				63FB3A3D2947087600E7EAD2 /* Utilites.swift in Sources */,
				63FB3A4A29474E5300E7EAD2 /* Constants.swift in Sources */,
				639031A229407901000D4795 /* AppDelegate.swift in Sources */,
				63FB3A4C294765DB00E7EAD2 /* AuthService.swift in Sources */,
				639031BD29407F07000D4795 /* FeedView.swift in Sources */,
				639031C52940A449000D4795 /* Extenstions.swift in Sources */,
				639031BF29408146000D4795 /* ExploreView.swift in Sources */,
				639031B629407987000D4795 /* MainTabView.swift in Sources */,
				639031C82940BBA0000D4795 /* LoginView.swift in Sources */,
				639031CA2940BC45000D4795 /* RegisterationView.swift in Sources */,
				639031C1294081BA000D4795 /* NotificationView.swift in Sources */,
				639031C3294081D3000D4795 /* ConversationsView.swift in Sources */,
			);
			runOnlyForDeploymentPostprocessing = 0;
		};
/* End PBXSourcesBuildPhase section */

/* Begin PBXVariantGroup section */
		639031AC29407902000D4795 /* LaunchScreen.storyboard */ = {
			isa = PBXVariantGroup;
			children = (
				639031AD29407902000D4795 /* Base */,
			);
			name = LaunchScreen.storyboard;
			sourceTree = "<group>";
		};
/* End PBXVariantGroup section */

/* Begin XCBuildConfiguration section */
		639031B029407902000D4795 /* Debug */ = {
			isa = XCBuildConfiguration;
			buildSettings = {
				ALWAYS_SEARCH_USER_PATHS = NO;
				CLANG_ANALYZER_NONNULL = YES;
				CLANG_ANALYZER_NUMBER_OBJECT_CONVERSION = YES_AGGRESSIVE;
				CLANG_CXX_LANGUAGE_STANDARD = "gnu++20";
				CLANG_ENABLE_MODULES = YES;
				CLANG_ENABLE_OBJC_ARC = YES;
				CLANG_ENABLE_OBJC_WEAK = YES;
				CLANG_WARN_BLOCK_CAPTURE_AUTORELEASING = YES;
				CLANG_WARN_BOOL_CONVERSION = YES;
				CLANG_WARN_COMMA = YES;
				CLANG_WARN_CONSTANT_CONVERSION = YES;
				CLANG_WARN_DEPRECATED_OBJC_IMPLEMENTATIONS = YES;
				CLANG_WARN_DIRECT_OBJC_ISA_USAGE = YES_ERROR;
				CLANG_WARN_DOCUMENTATION_COMMENTS = YES;
				CLANG_WARN_EMPTY_BODY = YES;
				CLANG_WARN_ENUM_CONVERSION = YES;
				CLANG_WARN_INFINITE_RECURSION = YES;
				CLANG_WARN_INT_CONVERSION = YES;
				CLANG_WARN_NON_LITERAL_NULL_CONVERSION = YES;
				CLANG_WARN_OBJC_IMPLICIT_RETAIN_SELF = YES;
				CLANG_WARN_OBJC_LITERAL_CONVERSION = YES;
				CLANG_WARN_OBJC_ROOT_CLASS = YES_ERROR;
				CLANG_WARN_QUOTED_INCLUDE_IN_FRAMEWORK_HEADER = YES;
				CLANG_WARN_RANGE_LOOP_ANALYSIS = YES;
				CLANG_WARN_STRICT_PROTOTYPES = YES;
				CLANG_WARN_SUSPICIOUS_MOVE = YES;
				CLANG_WARN_UNGUARDED_AVAILABILITY = YES_AGGRESSIVE;
				CLANG_WARN_UNREACHABLE_CODE = YES;
				CLANG_WARN__DUPLICATE_METHOD_MATCH = YES;
				COPY_PHASE_STRIP = NO;
				DEBUG_INFORMATION_FORMAT = dwarf;
				ENABLE_STRICT_OBJC_MSGSEND = YES;
				ENABLE_TESTABILITY = YES;
				GCC_C_LANGUAGE_STANDARD = gnu11;
				GCC_DYNAMIC_NO_PIC = NO;
				GCC_NO_COMMON_BLOCKS = YES;
				GCC_OPTIMIZATION_LEVEL = 0;
				GCC_PREPROCESSOR_DEFINITIONS = (
					"DEBUG=1",
					"$(inherited)",
				);
				GCC_WARN_64_TO_32_BIT_CONVERSION = YES;
				GCC_WARN_ABOUT_RETURN_TYPE = YES_ERROR;
				GCC_WARN_UNDECLARED_SELECTOR = YES;
				GCC_WARN_UNINITIALIZED_AUTOS = YES_AGGRESSIVE;
				GCC_WARN_UNUSED_FUNCTION = YES;
				GCC_WARN_UNUSED_VARIABLE = YES;
				IPHONEOS_DEPLOYMENT_TARGET = 16.0;
				MTL_ENABLE_DEBUG_INFO = INCLUDE_SOURCE;
				MTL_FAST_MATH = YES;
				ONLY_ACTIVE_ARCH = YES;
				SDKROOT = iphoneos;
				SWIFT_ACTIVE_COMPILATION_CONDITIONS = DEBUG;
				SWIFT_OPTIMIZATION_LEVEL = "-Onone";
			};
			name = Debug;
		};
		639031B129407902000D4795 /* Release */ = {
			isa = XCBuildConfiguration;
			buildSettings = {
				ALWAYS_SEARCH_USER_PATHS = NO;
				CLANG_ANALYZER_NONNULL = YES;
				CLANG_ANALYZER_NUMBER_OBJECT_CONVERSION = YES_AGGRESSIVE;
				CLANG_CXX_LANGUAGE_STANDARD = "gnu++20";
				CLANG_ENABLE_MODULES = YES;
				CLANG_ENABLE_OBJC_ARC = YES;
				CLANG_ENABLE_OBJC_WEAK = YES;
				CLANG_WARN_BLOCK_CAPTURE_AUTORELEASING = YES;
				CLANG_WARN_BOOL_CONVERSION = YES;
				CLANG_WARN_COMMA = YES;
				CLANG_WARN_CONSTANT_CONVERSION = YES;
				CLANG_WARN_DEPRECATED_OBJC_IMPLEMENTATIONS = YES;
				CLANG_WARN_DIRECT_OBJC_ISA_USAGE = YES_ERROR;
				CLANG_WARN_DOCUMENTATION_COMMENTS = YES;
				CLANG_WARN_EMPTY_BODY = YES;
				CLANG_WARN_ENUM_CONVERSION = YES;
				CLANG_WARN_INFINITE_RECURSION = YES;
				CLANG_WARN_INT_CONVERSION = YES;
				CLANG_WARN_NON_LITERAL_NULL_CONVERSION = YES;
				CLANG_WARN_OBJC_IMPLICIT_RETAIN_SELF = YES;
				CLANG_WARN_OBJC_LITERAL_CONVERSION = YES;
				CLANG_WARN_OBJC_ROOT_CLASS = YES_ERROR;
				CLANG_WARN_QUOTED_INCLUDE_IN_FRAMEWORK_HEADER = YES;
				CLANG_WARN_RANGE_LOOP_ANALYSIS = YES;
				CLANG_WARN_STRICT_PROTOTYPES = YES;
				CLANG_WARN_SUSPICIOUS_MOVE = YES;
				CLANG_WARN_UNGUARDED_AVAILABILITY = YES_AGGRESSIVE;
				CLANG_WARN_UNREACHABLE_CODE = YES;
				CLANG_WARN__DUPLICATE_METHOD_MATCH = YES;
				COPY_PHASE_STRIP = NO;
				DEBUG_INFORMATION_FORMAT = "dwarf-with-dsym";
				ENABLE_NS_ASSERTIONS = NO;
				ENABLE_STRICT_OBJC_MSGSEND = YES;
				GCC_C_LANGUAGE_STANDARD = gnu11;
				GCC_NO_COMMON_BLOCKS = YES;
				GCC_WARN_64_TO_32_BIT_CONVERSION = YES;
				GCC_WARN_ABOUT_RETURN_TYPE = YES_ERROR;
				GCC_WARN_UNDECLARED_SELECTOR = YES;
				GCC_WARN_UNINITIALIZED_AUTOS = YES_AGGRESSIVE;
				GCC_WARN_UNUSED_FUNCTION = YES;
				GCC_WARN_UNUSED_VARIABLE = YES;
				IPHONEOS_DEPLOYMENT_TARGET = 16.0;
				MTL_ENABLE_DEBUG_INFO = NO;
				MTL_FAST_MATH = YES;
				SDKROOT = iphoneos;
				SWIFT_COMPILATION_MODE = wholemodule;
				SWIFT_OPTIMIZATION_LEVEL = "-O";
				VALIDATE_PRODUCT = YES;
			};
			name = Release;
		};
		639031B329407902000D4795 /* Debug */ = {
			isa = XCBuildConfiguration;
			buildSettings = {
				ASSETCATALOG_COMPILER_APPICON_NAME = AppIcon;
				ASSETCATALOG_COMPILER_GLOBAL_ACCENT_COLOR_NAME = AccentColor;
				CODE_SIGN_STYLE = Automatic;
				CURRENT_PROJECT_VERSION = 1;
				DEVELOPMENT_TEAM = BGU99JP2HN;
				GENERATE_INFOPLIST_FILE = YES;
				INFOPLIST_FILE = "TwitterProject(Rx+MVVM)/Info.plist";
				INFOPLIST_KEY_UIApplicationSupportsIndirectInputEvents = YES;
				INFOPLIST_KEY_UILaunchStoryboardName = LaunchScreen;
				INFOPLIST_KEY_UISupportedInterfaceOrientations_iPad = "UIInterfaceOrientationPortrait UIInterfaceOrientationPortraitUpsideDown UIInterfaceOrientationLandscapeLeft UIInterfaceOrientationLandscapeRight";
				INFOPLIST_KEY_UISupportedInterfaceOrientations_iPhone = "UIInterfaceOrientationPortrait UIInterfaceOrientationLandscapeLeft UIInterfaceOrientationLandscapeRight";
				LD_RUNPATH_SEARCH_PATHS = (
					"$(inherited)",
					"@executable_path/Frameworks",
				);
				MARKETING_VERSION = 1.0;
				PRODUCT_BUNDLE_IDENTIFIER = "kyle.TwitterProject-Rx-MVVM-";
				PRODUCT_NAME = "$(TARGET_NAME)";
				SUPPORTED_PLATFORMS = "iphoneos iphonesimulator";
				SUPPORTS_MACCATALYST = NO;
				SUPPORTS_MAC_DESIGNED_FOR_IPHONE_IPAD = NO;
				SWIFT_EMIT_LOC_STRINGS = YES;
				SWIFT_VERSION = 5.0;
				TARGETED_DEVICE_FAMILY = 1;
			};
			name = Debug;
		};
		639031B429407902000D4795 /* Release */ = {
			isa = XCBuildConfiguration;
			buildSettings = {
				ASSETCATALOG_COMPILER_APPICON_NAME = AppIcon;
				ASSETCATALOG_COMPILER_GLOBAL_ACCENT_COLOR_NAME = AccentColor;
				CODE_SIGN_STYLE = Automatic;
				CURRENT_PROJECT_VERSION = 1;
				DEVELOPMENT_TEAM = BGU99JP2HN;
				GENERATE_INFOPLIST_FILE = YES;
				INFOPLIST_FILE = "TwitterProject(Rx+MVVM)/Info.plist";
				INFOPLIST_KEY_UIApplicationSupportsIndirectInputEvents = YES;
				INFOPLIST_KEY_UILaunchStoryboardName = LaunchScreen;
				INFOPLIST_KEY_UISupportedInterfaceOrientations_iPad = "UIInterfaceOrientationPortrait UIInterfaceOrientationPortraitUpsideDown UIInterfaceOrientationLandscapeLeft UIInterfaceOrientationLandscapeRight";
				INFOPLIST_KEY_UISupportedInterfaceOrientations_iPhone = "UIInterfaceOrientationPortrait UIInterfaceOrientationLandscapeLeft UIInterfaceOrientationLandscapeRight";
				LD_RUNPATH_SEARCH_PATHS = (
					"$(inherited)",
					"@executable_path/Frameworks",
				);
				MARKETING_VERSION = 1.0;
				PRODUCT_BUNDLE_IDENTIFIER = "kyle.TwitterProject-Rx-MVVM-";
				PRODUCT_NAME = "$(TARGET_NAME)";
				SUPPORTED_PLATFORMS = "iphoneos iphonesimulator";
				SUPPORTS_MACCATALYST = NO;
				SUPPORTS_MAC_DESIGNED_FOR_IPHONE_IPAD = NO;
				SWIFT_EMIT_LOC_STRINGS = YES;
				SWIFT_VERSION = 5.0;
				TARGETED_DEVICE_FAMILY = 1;
			};
			name = Release;
		};
/* End XCBuildConfiguration section */

/* Begin XCConfigurationList section */
		6390319929407901000D4795 /* Build configuration list for PBXProject "TwitterProject(Rx+MVVM)" */ = {
			isa = XCConfigurationList;
			buildConfigurations = (
				639031B029407902000D4795 /* Debug */,
				639031B129407902000D4795 /* Release */,
			);
			defaultConfigurationIsVisible = 0;
			defaultConfigurationName = Release;
		};
		639031B229407902000D4795 /* Build configuration list for PBXNativeTarget "TwitterProject(Rx+MVVM)" */ = {
			isa = XCConfigurationList;
			buildConfigurations = (
				639031B329407902000D4795 /* Debug */,
				639031B429407902000D4795 /* Release */,
			);
			defaultConfigurationIsVisible = 0;
			defaultConfigurationName = Release;
		};
/* End XCConfigurationList section */

/* Begin XCRemoteSwiftPackageReference section */
		63FB3A392946F37A00E7EAD2 /* XCRemoteSwiftPackageReference "SnapKit" */ = {
			isa = XCRemoteSwiftPackageReference;
			repositoryURL = "https://github.com/SnapKit/SnapKit.git";
			requirement = {
				kind = upToNextMajorVersion;
				minimumVersion = 5.0.1;
			};
		};
		63FB3A4029473AF000E7EAD2 /* XCRemoteSwiftPackageReference "firebase-ios-sdk" */ = {
			isa = XCRemoteSwiftPackageReference;
			repositoryURL = "https://github.com/firebase/firebase-ios-sdk";
			requirement = {
				kind = upToNextMajorVersion;
				minimumVersion = 9.0.0;
			};
		};
/* End XCRemoteSwiftPackageReference section */

/* Begin XCSwiftPackageProductDependency section */
		63FB3A3A2946F37A00E7EAD2 /* SnapKit */ = {
			isa = XCSwiftPackageProductDependency;
			package = 63FB3A392946F37A00E7EAD2 /* XCRemoteSwiftPackageReference "SnapKit" */;
			productName = SnapKit;
		};
		63FB3A4129473AF000E7EAD2 /* FirebaseAuth */ = {
			isa = XCSwiftPackageProductDependency;
			package = 63FB3A4029473AF000E7EAD2 /* XCRemoteSwiftPackageReference "firebase-ios-sdk" */;
			productName = FirebaseAuth;
		};
		63FB3A4329473AF000E7EAD2 /* FirebaseDatabase */ = {
			isa = XCSwiftPackageProductDependency;
			package = 63FB3A4029473AF000E7EAD2 /* XCRemoteSwiftPackageReference "firebase-ios-sdk" */;
			productName = FirebaseDatabase;
		};
		63FB3A4529473AF000E7EAD2 /* FirebaseStorage */ = {
			isa = XCSwiftPackageProductDependency;
			package = 63FB3A4029473AF000E7EAD2 /* XCRemoteSwiftPackageReference "firebase-ios-sdk" */;
			productName = FirebaseStorage;
		};
/* End XCSwiftPackageProductDependency section */
	};
	rootObject = 6390319629407901000D4795 /* Project object */;
}
