// !$*UTF8*$!
{
	archiveVersion = 1;
	classes = {
	};
	objectVersion = 56;
	objects = {

/* Begin PBXBuildFile section */
		639031A229407901000D4795 /* AppDelegate.swift in Sources */ = {isa = PBXBuildFile; fileRef = 639031A129407901000D4795 /* AppDelegate.swift */; };
		639031AB29407902000D4795 /* Assets.xcassets in Resources */ = {isa = PBXBuildFile; fileRef = 639031AA29407902000D4795 /* Assets.xcassets */; };
		639031AE29407902000D4795 /* LaunchScreen.storyboard in Resources */ = {isa = PBXBuildFile; fileRef = 639031AC29407902000D4795 /* LaunchScreen.storyboard */; };
		639031B629407987000D4795 /* MainTabViewController.swift in Sources */ = {isa = PBXBuildFile; fileRef = 639031B529407987000D4795 /* MainTabViewController.swift */; };
		639031BD29407F07000D4795 /* FeedViewController.swift in Sources */ = {isa = PBXBuildFile; fileRef = 639031BC29407F07000D4795 /* FeedViewController.swift */; };
		639031BF29408146000D4795 /* ExploreView.swift in Sources */ = {isa = PBXBuildFile; fileRef = 639031BE29408146000D4795 /* ExploreView.swift */; };
		639031C1294081BA000D4795 /* NotificationView.swift in Sources */ = {isa = PBXBuildFile; fileRef = 639031C0294081BA000D4795 /* NotificationView.swift */; };
		639031C3294081D3000D4795 /* ConversationsView.swift in Sources */ = {isa = PBXBuildFile; fileRef = 639031C2294081D3000D4795 /* ConversationsView.swift */; };
		639031C52940A449000D4795 /* Extenstions.swift in Sources */ = {isa = PBXBuildFile; fileRef = 639031C42940A449000D4795 /* Extenstions.swift */; };
		639031C82940BBA0000D4795 /* LoginViewController.swift in Sources */ = {isa = PBXBuildFile; fileRef = 639031C72940BBA0000D4795 /* LoginViewController.swift */; };
		639031CA2940BC45000D4795 /* RegisterationViewController.swift in Sources */ = {isa = PBXBuildFile; fileRef = 639031C92940BC45000D4795 /* RegisterationViewController.swift */; };
		63954A382953098900EF7E77 /* Protocols.swift in Sources */ = {isa = PBXBuildFile; fileRef = 63954A372953098900EF7E77 /* Protocols.swift */; };
		63954A6129599BD500EF7E77 /* UserService.swift in Sources */ = {isa = PBXBuildFile; fileRef = 63954A6029599BD500EF7E77 /* UserService.swift */; };
		63954A632959A0F000EF7E77 /* User.swift in Sources */ = {isa = PBXBuildFile; fileRef = 63954A622959A0F000EF7E77 /* User.swift */; };
		63954AA52959F60700EF7E77 /* FeedViewModel.swift in Sources */ = {isa = PBXBuildFile; fileRef = 63954AA42959F60700EF7E77 /* FeedViewModel.swift */; };
		63A44CC22962DA6E005B1F2A /* UploadTweetController.swift in Sources */ = {isa = PBXBuildFile; fileRef = 63A44CC12962DA6E005B1F2A /* UploadTweetController.swift */; };
		63A44CC429630EC3005B1F2A /* UploadTweetViewModel.swift in Sources */ = {isa = PBXBuildFile; fileRef = 63A44CC329630EC3005B1F2A /* UploadTweetViewModel.swift */; };
		63A44CC7296409AB005B1F2A /* CaptionTextView.swift in Sources */ = {isa = PBXBuildFile; fileRef = 63A44CC6296409AB005B1F2A /* CaptionTextView.swift */; };
		63A44CC929641299005B1F2A /* TweetService.swift in Sources */ = {isa = PBXBuildFile; fileRef = 63A44CC829641299005B1F2A /* TweetService.swift */; };
		63FB3A3D2947087600E7EAD2 /* Utilites.swift in Sources */ = {isa = PBXBuildFile; fileRef = 63FB3A3C2947087600E7EAD2 /* Utilites.swift */; };
		63FB3A3F2947398500E7EAD2 /* GoogleService-Info.plist in Resources */ = {isa = PBXBuildFile; fileRef = 63FB3A3E2947398500E7EAD2 /* GoogleService-Info.plist */; };
		63FB3A4A29474E5300E7EAD2 /* Constants.swift in Sources */ = {isa = PBXBuildFile; fileRef = 63FB3A4929474E5300E7EAD2 /* Constants.swift */; };
		63FB3A4C294765DB00E7EAD2 /* AuthService.swift in Sources */ = {isa = PBXBuildFile; fileRef = 63FB3A4B294765DB00E7EAD2 /* AuthService.swift */; };
		63FB3A5329485A7C00E7EAD2 /* LoginViewModel.swift in Sources */ = {isa = PBXBuildFile; fileRef = 63FB3A5229485A7C00E7EAD2 /* LoginViewModel.swift */; };
		63FB3A5529485A8700E7EAD2 /* RegisterationViewModel.swift in Sources */ = {isa = PBXBuildFile; fileRef = 63FB3A5429485A8700E7EAD2 /* RegisterationViewModel.swift */; };
		63FB3A7E2948A66400E7EAD2 /* MainTabViewModel.swift in Sources */ = {isa = PBXBuildFile; fileRef = 63FB3A7D2948A66400E7EAD2 /* MainTabViewModel.swift */; };
		89D69CACDE12D794E86ACD97 /* Pods_TwitterProject_Rx_MVVM_.framework in Frameworks */ = {isa = PBXBuildFile; fileRef = 54BC114157066B674FBE6310 /* Pods_TwitterProject_Rx_MVVM_.framework */; };
/* End PBXBuildFile section */

/* Begin PBXFileReference section */
		54BC114157066B674FBE6310 /* Pods_TwitterProject_Rx_MVVM_.framework */ = {isa = PBXFileReference; explicitFileType = wrapper.framework; includeInIndex = 0; path = Pods_TwitterProject_Rx_MVVM_.framework; sourceTree = BUILT_PRODUCTS_DIR; };
		6390319E29407901000D4795 /* TwitterProject(Rx+MVVM).app */ = {isa = PBXFileReference; explicitFileType = wrapper.application; includeInIndex = 0; path = "TwitterProject(Rx+MVVM).app"; sourceTree = BUILT_PRODUCTS_DIR; };
		639031A129407901000D4795 /* AppDelegate.swift */ = {isa = PBXFileReference; lastKnownFileType = sourcecode.swift; path = AppDelegate.swift; sourceTree = "<group>"; };
		639031AA29407902000D4795 /* Assets.xcassets */ = {isa = PBXFileReference; lastKnownFileType = folder.assetcatalog; path = Assets.xcassets; sourceTree = "<group>"; };
		639031AD29407902000D4795 /* Base */ = {isa = PBXFileReference; lastKnownFileType = file.storyboard; name = Base; path = Base.lproj/LaunchScreen.storyboard; sourceTree = "<group>"; };
		639031AF29407902000D4795 /* Info.plist */ = {isa = PBXFileReference; lastKnownFileType = text.plist.xml; path = Info.plist; sourceTree = "<group>"; };
		639031B529407987000D4795 /* MainTabViewController.swift */ = {isa = PBXFileReference; lastKnownFileType = sourcecode.swift; path = MainTabViewController.swift; sourceTree = "<group>"; };
		639031BC29407F07000D4795 /* FeedViewController.swift */ = {isa = PBXFileReference; lastKnownFileType = sourcecode.swift; path = FeedViewController.swift; sourceTree = "<group>"; };
		639031BE29408146000D4795 /* ExploreView.swift */ = {isa = PBXFileReference; lastKnownFileType = sourcecode.swift; path = ExploreView.swift; sourceTree = "<group>"; };
		639031C0294081BA000D4795 /* NotificationView.swift */ = {isa = PBXFileReference; lastKnownFileType = sourcecode.swift; path = NotificationView.swift; sourceTree = "<group>"; };
		639031C2294081D3000D4795 /* ConversationsView.swift */ = {isa = PBXFileReference; lastKnownFileType = sourcecode.swift; path = ConversationsView.swift; sourceTree = "<group>"; };
		639031C42940A449000D4795 /* Extenstions.swift */ = {isa = PBXFileReference; lastKnownFileType = sourcecode.swift; path = Extenstions.swift; sourceTree = "<group>"; };
		639031C72940BBA0000D4795 /* LoginViewController.swift */ = {isa = PBXFileReference; lastKnownFileType = sourcecode.swift; path = LoginViewController.swift; sourceTree = "<group>"; };
		639031C92940BC45000D4795 /* RegisterationViewController.swift */ = {isa = PBXFileReference; lastKnownFileType = sourcecode.swift; path = RegisterationViewController.swift; sourceTree = "<group>"; };
		63954A372953098900EF7E77 /* Protocols.swift */ = {isa = PBXFileReference; lastKnownFileType = sourcecode.swift; path = Protocols.swift; sourceTree = "<group>"; };
		63954A6029599BD500EF7E77 /* UserService.swift */ = {isa = PBXFileReference; lastKnownFileType = sourcecode.swift; path = UserService.swift; sourceTree = "<group>"; };
		63954A622959A0F000EF7E77 /* User.swift */ = {isa = PBXFileReference; lastKnownFileType = sourcecode.swift; path = User.swift; sourceTree = "<group>"; };
		63954AA42959F60700EF7E77 /* FeedViewModel.swift */ = {isa = PBXFileReference; lastKnownFileType = sourcecode.swift; path = FeedViewModel.swift; sourceTree = "<group>"; };
		63A44CC12962DA6E005B1F2A /* UploadTweetController.swift */ = {isa = PBXFileReference; lastKnownFileType = sourcecode.swift; path = UploadTweetController.swift; sourceTree = "<group>"; };
		63A44CC329630EC3005B1F2A /* UploadTweetViewModel.swift */ = {isa = PBXFileReference; lastKnownFileType = sourcecode.swift; path = UploadTweetViewModel.swift; sourceTree = "<group>"; };
		63A44CC6296409AB005B1F2A /* CaptionTextView.swift */ = {isa = PBXFileReference; lastKnownFileType = sourcecode.swift; path = CaptionTextView.swift; sourceTree = "<group>"; };
		63A44CC829641299005B1F2A /* TweetService.swift */ = {isa = PBXFileReference; lastKnownFileType = sourcecode.swift; path = TweetService.swift; sourceTree = "<group>"; };
		63FB3A3C2947087600E7EAD2 /* Utilites.swift */ = {isa = PBXFileReference; lastKnownFileType = sourcecode.swift; path = Utilites.swift; sourceTree = "<group>"; };
		63FB3A3E2947398500E7EAD2 /* GoogleService-Info.plist */ = {isa = PBXFileReference; lastKnownFileType = text.plist; path = "GoogleService-Info.plist"; sourceTree = SOURCE_ROOT; };
		63FB3A4929474E5300E7EAD2 /* Constants.swift */ = {isa = PBXFileReference; lastKnownFileType = sourcecode.swift; path = Constants.swift; sourceTree = "<group>"; };
		63FB3A4B294765DB00E7EAD2 /* AuthService.swift */ = {isa = PBXFileReference; lastKnownFileType = sourcecode.swift; path = AuthService.swift; sourceTree = "<group>"; };
		63FB3A5229485A7C00E7EAD2 /* LoginViewModel.swift */ = {isa = PBXFileReference; lastKnownFileType = sourcecode.swift; path = LoginViewModel.swift; sourceTree = "<group>"; };
		63FB3A5429485A8700E7EAD2 /* RegisterationViewModel.swift */ = {isa = PBXFileReference; lastKnownFileType = sourcecode.swift; path = RegisterationViewModel.swift; sourceTree = "<group>"; };
		63FB3A7D2948A66400E7EAD2 /* MainTabViewModel.swift */ = {isa = PBXFileReference; lastKnownFileType = sourcecode.swift; path = MainTabViewModel.swift; sourceTree = "<group>"; };
		8A45E3C98C40A718E639EE28 /* Pods-TwitterProject(Rx+MVVM).release.xcconfig */ = {isa = PBXFileReference; includeInIndex = 1; lastKnownFileType = text.xcconfig; name = "Pods-TwitterProject(Rx+MVVM).release.xcconfig"; path = "Target Support Files/Pods-TwitterProject(Rx+MVVM)/Pods-TwitterProject(Rx+MVVM).release.xcconfig"; sourceTree = "<group>"; };
		D102B7F6880DF14AB8501ABE /* Pods-TwitterProject(Rx+MVVM).debug.xcconfig */ = {isa = PBXFileReference; includeInIndex = 1; lastKnownFileType = text.xcconfig; name = "Pods-TwitterProject(Rx+MVVM).debug.xcconfig"; path = "Target Support Files/Pods-TwitterProject(Rx+MVVM)/Pods-TwitterProject(Rx+MVVM).debug.xcconfig"; sourceTree = "<group>"; };
/* End PBXFileReference section */

/* Begin PBXFrameworksBuildPhase section */
		6390319B29407901000D4795 /* Frameworks */ = {
			isa = PBXFrameworksBuildPhase;
			buildActionMask = 2147483647;
			files = (
				89D69CACDE12D794E86ACD97 /* Pods_TwitterProject_Rx_MVVM_.framework in Frameworks */,
			);
			runOnlyForDeploymentPostprocessing = 0;
		};
/* End PBXFrameworksBuildPhase section */

/* Begin PBXGroup section */
		418991D582DA91DEBAC15B31 /* Frameworks */ = {
			isa = PBXGroup;
			children = (
				54BC114157066B674FBE6310 /* Pods_TwitterProject_Rx_MVVM_.framework */,
			);
			name = Frameworks;
			sourceTree = "<group>";
		};
		6390319529407901000D4795 = {
			isa = PBXGroup;
			children = (
				639031A029407901000D4795 /* TwitterProject(Rx+MVVM) */,
				6390319F29407901000D4795 /* Products */,
				F5BFEDA01F11512484EDCDF3 /* Pods */,
				418991D582DA91DEBAC15B31 /* Frameworks */,
			);
			sourceTree = "<group>";
		};
		6390319F29407901000D4795 /* Products */ = {
			isa = PBXGroup;
			children = (
				6390319E29407901000D4795 /* TwitterProject(Rx+MVVM).app */,
			);
			name = Products;
			sourceTree = "<group>";
		};
		639031A029407901000D4795 /* TwitterProject(Rx+MVVM) */ = {
			isa = PBXGroup;
			children = (
				63FB3A4829474DB900E7EAD2 /* Resources */,
				63FB3A4729474D6C00E7EAD2 /* Sources */,
				639031AF29407902000D4795 /* Info.plist */,
				63FB3A3E2947398500E7EAD2 /* GoogleService-Info.plist */,
			);
			path = "TwitterProject(Rx+MVVM)";
			sourceTree = "<group>";
		};
		639031B729407E62000D4795 /* Model */ = {
			isa = PBXGroup;
			children = (
				63954A622959A0F000EF7E77 /* User.swift */,
			);
			path = Model;
			sourceTree = "<group>";
		};
		639031B829407E6B000D4795 /* View */ = {
			isa = PBXGroup;
			children = (
				63A44CC529640999005B1F2A /* CustomView */,
				639031C62940BB8D000D4795 /* Authentication */,
				639031B529407987000D4795 /* MainTabViewController.swift */,
				639031BC29407F07000D4795 /* FeedViewController.swift */,
				639031BE29408146000D4795 /* ExploreView.swift */,
				639031C0294081BA000D4795 /* NotificationView.swift */,
				639031C2294081D3000D4795 /* ConversationsView.swift */,
				63A44CC12962DA6E005B1F2A /* UploadTweetController.swift */,
			);
			path = View;
			sourceTree = "<group>";
		};
		639031B929407E70000D4795 /* ViewModel */ = {
			isa = PBXGroup;
			children = (
				63954A34295308CD00EF7E77 /* Authentication */,
				63FB3A7D2948A66400E7EAD2 /* MainTabViewModel.swift */,
				63954AA42959F60700EF7E77 /* FeedViewModel.swift */,
				63A44CC329630EC3005B1F2A /* UploadTweetViewModel.swift */,
			);
			path = ViewModel;
			sourceTree = "<group>";
		};
		639031BA29407E75000D4795 /* API */ = {
			isa = PBXGroup;
			children = (
				63FB3A4B294765DB00E7EAD2 /* AuthService.swift */,
				63954A6029599BD500EF7E77 /* UserService.swift */,
				63A44CC829641299005B1F2A /* TweetService.swift */,
			);
			path = API;
			sourceTree = "<group>";
		};
		639031BB29407E79000D4795 /* Utills */ = {
			isa = PBXGroup;
			children = (
				639031C42940A449000D4795 /* Extenstions.swift */,
				63FB3A3C2947087600E7EAD2 /* Utilites.swift */,
				63FB3A4929474E5300E7EAD2 /* Constants.swift */,
				63954A372953098900EF7E77 /* Protocols.swift */,
			);
			path = Utills;
			sourceTree = "<group>";
		};
		639031C62940BB8D000D4795 /* Authentication */ = {
			isa = PBXGroup;
			children = (
				639031C72940BBA0000D4795 /* LoginViewController.swift */,
				639031C92940BC45000D4795 /* RegisterationViewController.swift */,
			);
			path = Authentication;
			sourceTree = "<group>";
		};
		63954A34295308CD00EF7E77 /* Authentication */ = {
			isa = PBXGroup;
			children = (
				63FB3A5229485A7C00E7EAD2 /* LoginViewModel.swift */,
				63FB3A5429485A8700E7EAD2 /* RegisterationViewModel.swift */,
			);
			path = Authentication;
			sourceTree = "<group>";
		};
		63A44CC529640999005B1F2A /* CustomView */ = {
			isa = PBXGroup;
			children = (
				63A44CC6296409AB005B1F2A /* CaptionTextView.swift */,
			);
			path = CustomView;
			sourceTree = "<group>";
		};
		63FB3A4729474D6C00E7EAD2 /* Sources */ = {
			isa = PBXGroup;
			children = (
				639031A129407901000D4795 /* AppDelegate.swift */,
				639031B729407E62000D4795 /* Model */,
				639031B829407E6B000D4795 /* View */,
				639031B929407E70000D4795 /* ViewModel */,
				639031BA29407E75000D4795 /* API */,
				639031BB29407E79000D4795 /* Utills */,
			);
			path = Sources;
			sourceTree = "<group>";
		};
		63FB3A4829474DB900E7EAD2 /* Resources */ = {
			isa = PBXGroup;
			children = (
				639031AC29407902000D4795 /* LaunchScreen.storyboard */,
				639031AA29407902000D4795 /* Assets.xcassets */,
			);
			path = Resources;
			sourceTree = "<group>";
		};
		F5BFEDA01F11512484EDCDF3 /* Pods */ = {
			isa = PBXGroup;
			children = (
				D102B7F6880DF14AB8501ABE /* Pods-TwitterProject(Rx+MVVM).debug.xcconfig */,
				8A45E3C98C40A718E639EE28 /* Pods-TwitterProject(Rx+MVVM).release.xcconfig */,
			);
			path = Pods;
			sourceTree = "<group>";
		};
/* End PBXGroup section */

/* Begin PBXNativeTarget section */
		6390319D29407901000D4795 /* TwitterProject(Rx+MVVM) */ = {
			isa = PBXNativeTarget;
			buildConfigurationList = 639031B229407902000D4795 /* Build configuration list for PBXNativeTarget "TwitterProject(Rx+MVVM)" */;
			buildPhases = (
				290069127FB9F1FC19190CBF /* [CP] Check Pods Manifest.lock */,
				6390319A29407901000D4795 /* Sources */,
				6390319B29407901000D4795 /* Frameworks */,
				6390319C29407901000D4795 /* Resources */,
				8FCE952602D1E1515484BFFB /* [CP] Embed Pods Frameworks */,
			);
			buildRules = (
			);
			dependencies = (
			);
			name = "TwitterProject(Rx+MVVM)";
			productName = "TwitterProject(Rx+MVVM)";
			productReference = 6390319E29407901000D4795 /* TwitterProject(Rx+MVVM).app */;
			productType = "com.apple.product-type.application";
		};
/* End PBXNativeTarget section */

/* Begin PBXProject section */
		6390319629407901000D4795 /* Project object */ = {
			isa = PBXProject;
			attributes = {
				BuildIndependentTargetsInParallel = 1;
				LastSwiftUpdateCheck = 1400;
				LastUpgradeCheck = 1400;
				TargetAttributes = {
					6390319D29407901000D4795 = {
						CreatedOnToolsVersion = 14.0.1;
					};
				};
			};
			buildConfigurationList = 6390319929407901000D4795 /* Build configuration list for PBXProject "TwitterProject(Rx+MVVM)" */;
			compatibilityVersion = "Xcode 14.0";
			developmentRegion = en;
			hasScannedForEncodings = 0;
			knownRegions = (
				en,
				Base,
			);
			mainGroup = 6390319529407901000D4795;
			productRefGroup = 6390319F29407901000D4795 /* Products */;
			projectDirPath = "";
			projectRoot = "";
			targets = (
				6390319D29407901000D4795 /* TwitterProject(Rx+MVVM) */,
			);
		};
/* End PBXProject section */

/* Begin PBXResourcesBuildPhase section */
		6390319C29407901000D4795 /* Resources */ = {
			isa = PBXResourcesBuildPhase;
			buildActionMask = 2147483647;
			files = (
				639031AE29407902000D4795 /* LaunchScreen.storyboard in Resources */,
				639031AB29407902000D4795 /* Assets.xcassets in Resources */,
				63FB3A3F2947398500E7EAD2 /* GoogleService-Info.plist in Resources */,
			);
			runOnlyForDeploymentPostprocessing = 0;
		};
/* End PBXResourcesBuildPhase section */

/* Begin PBXShellScriptBuildPhase section */
		290069127FB9F1FC19190CBF /* [CP] Check Pods Manifest.lock */ = {
			isa = PBXShellScriptBuildPhase;
			buildActionMask = 2147483647;
			files = (
			);
			inputFileListPaths = (
			);
			inputPaths = (
				"${PODS_PODFILE_DIR_PATH}/Podfile.lock",
				"${PODS_ROOT}/Manifest.lock",
			);
			name = "[CP] Check Pods Manifest.lock";
			outputFileListPaths = (
			);
			outputPaths = (
				"$(DERIVED_FILE_DIR)/Pods-TwitterProject(Rx+MVVM)-checkManifestLockResult.txt",
			);
			runOnlyForDeploymentPostprocessing = 0;
			shellPath = /bin/sh;
			shellScript = "diff \"${PODS_PODFILE_DIR_PATH}/Podfile.lock\" \"${PODS_ROOT}/Manifest.lock\" > /dev/null\nif [ $? != 0 ] ; then\n    # print error to STDERR\n    echo \"error: The sandbox is not in sync with the Podfile.lock. Run 'pod install' or update your CocoaPods installation.\" >&2\n    exit 1\nfi\n# This output is used by Xcode 'outputs' to avoid re-running this script phase.\necho \"SUCCESS\" > \"${SCRIPT_OUTPUT_FILE_0}\"\n";
			showEnvVarsInLog = 0;
		};
		8FCE952602D1E1515484BFFB /* [CP] Embed Pods Frameworks */ = {
			isa = PBXShellScriptBuildPhase;
			buildActionMask = 2147483647;
			files = (
			);
			inputFileListPaths = (
				"${PODS_ROOT}/Target Support Files/Pods-TwitterProject(Rx+MVVM)/Pods-TwitterProject(Rx+MVVM)-frameworks-${CONFIGURATION}-input-files.xcfilelist",
			);
			name = "[CP] Embed Pods Frameworks";
			outputFileListPaths = (
				"${PODS_ROOT}/Target Support Files/Pods-TwitterProject(Rx+MVVM)/Pods-TwitterProject(Rx+MVVM)-frameworks-${CONFIGURATION}-output-files.xcfilelist",
			);
			runOnlyForDeploymentPostprocessing = 0;
			shellPath = /bin/sh;
			shellScript = "\"${PODS_ROOT}/Target Support Files/Pods-TwitterProject(Rx+MVVM)/Pods-TwitterProject(Rx+MVVM)-frameworks.sh\"\n";
			showEnvVarsInLog = 0;
		};
/* End PBXShellScriptBuildPhase section */

/* Begin PBXSourcesBuildPhase section */
		6390319A29407901000D4795 /* Sources */ = {
			isa = PBXSourcesBuildPhase;
			buildActionMask = 2147483647;
			files = (
				63954AA52959F60700EF7E77 /* FeedViewModel.swift in Sources */,
				63FB3A3D2947087600E7EAD2 /* Utilites.swift in Sources */,
				63A44CC429630EC3005B1F2A /* UploadTweetViewModel.swift in Sources */,
				63FB3A4A29474E5300E7EAD2 /* Constants.swift in Sources */,
				639031A229407901000D4795 /* AppDelegate.swift in Sources */,
				63A44CC929641299005B1F2A /* TweetService.swift in Sources */,
				63FB3A4C294765DB00E7EAD2 /* AuthService.swift in Sources */,
				639031BD29407F07000D4795 /* FeedViewController.swift in Sources */,
				639031C52940A449000D4795 /* Extenstions.swift in Sources */,
				63954A6129599BD500EF7E77 /* UserService.swift in Sources */,
				639031BF29408146000D4795 /* ExploreView.swift in Sources */,
				639031B629407987000D4795 /* MainTabViewController.swift in Sources */,
				63FB3A5329485A7C00E7EAD2 /* LoginViewModel.swift in Sources */,
				639031C82940BBA0000D4795 /* LoginViewController.swift in Sources */,
				639031CA2940BC45000D4795 /* RegisterationViewController.swift in Sources */,
				63FB3A7E2948A66400E7EAD2 /* MainTabViewModel.swift in Sources */,
				63FB3A5529485A8700E7EAD2 /* RegisterationViewModel.swift in Sources */,
				63954A632959A0F000EF7E77 /* User.swift in Sources */,
				63A44CC22962DA6E005B1F2A /* UploadTweetController.swift in Sources */,
				639031C1294081BA000D4795 /* NotificationView.swift in Sources */,
				639031C3294081D3000D4795 /* ConversationsView.swift in Sources */,
				63A44CC7296409AB005B1F2A /* CaptionTextView.swift in Sources */,
				63954A382953098900EF7E77 /* Protocols.swift in Sources */,
			);
			runOnlyForDeploymentPostprocessing = 0;
		};
/* End PBXSourcesBuildPhase section */

/* Begin PBXVariantGroup section */
		639031AC29407902000D4795 /* LaunchScreen.storyboard */ = {
			isa = PBXVariantGroup;
			children = (
				639031AD29407902000D4795 /* Base */,
			);
			name = LaunchScreen.storyboard;
			sourceTree = "<group>";
		};
/* End PBXVariantGroup section */

/* Begin XCBuildConfiguration section */
		639031B029407902000D4795 /* Debug */ = {
			isa = XCBuildConfiguration;
			buildSettings = {
				ALWAYS_SEARCH_USER_PATHS = NO;
				CLANG_ANALYZER_NONNULL = YES;
				CLANG_ANALYZER_NUMBER_OBJECT_CONVERSION = YES_AGGRESSIVE;
				CLANG_CXX_LANGUAGE_STANDARD = "gnu++20";
				CLANG_ENABLE_MODULES = YES;
				CLANG_ENABLE_OBJC_ARC = YES;
				CLANG_ENABLE_OBJC_WEAK = YES;
				CLANG_WARN_BLOCK_CAPTURE_AUTORELEASING = YES;
				CLANG_WARN_BOOL_CONVERSION = YES;
				CLANG_WARN_COMMA = YES;
				CLANG_WARN_CONSTANT_CONVERSION = YES;
				CLANG_WARN_DEPRECATED_OBJC_IMPLEMENTATIONS = YES;
				CLANG_WARN_DIRECT_OBJC_ISA_USAGE = YES_ERROR;
				CLANG_WARN_DOCUMENTATION_COMMENTS = YES;
				CLANG_WARN_EMPTY_BODY = YES;
				CLANG_WARN_ENUM_CONVERSION = YES;
				CLANG_WARN_INFINITE_RECURSION = YES;
				CLANG_WARN_INT_CONVERSION = YES;
				CLANG_WARN_NON_LITERAL_NULL_CONVERSION = YES;
				CLANG_WARN_OBJC_IMPLICIT_RETAIN_SELF = YES;
				CLANG_WARN_OBJC_LITERAL_CONVERSION = YES;
				CLANG_WARN_OBJC_ROOT_CLASS = YES_ERROR;
				CLANG_WARN_QUOTED_INCLUDE_IN_FRAMEWORK_HEADER = YES;
				CLANG_WARN_RANGE_LOOP_ANALYSIS = YES;
				CLANG_WARN_STRICT_PROTOTYPES = YES;
				CLANG_WARN_SUSPICIOUS_MOVE = YES;
				CLANG_WARN_UNGUARDED_AVAILABILITY = YES_AGGRESSIVE;
				CLANG_WARN_UNREACHABLE_CODE = YES;
				CLANG_WARN__DUPLICATE_METHOD_MATCH = YES;
				COPY_PHASE_STRIP = NO;
				DEBUG_INFORMATION_FORMAT = dwarf;
				ENABLE_STRICT_OBJC_MSGSEND = YES;
				ENABLE_TESTABILITY = YES;
				GCC_C_LANGUAGE_STANDARD = gnu11;
				GCC_DYNAMIC_NO_PIC = NO;
				GCC_NO_COMMON_BLOCKS = YES;
				GCC_OPTIMIZATION_LEVEL = 0;
				GCC_PREPROCESSOR_DEFINITIONS = (
					"DEBUG=1",
					"$(inherited)",
				);
				GCC_WARN_64_TO_32_BIT_CONVERSION = YES;
				GCC_WARN_ABOUT_RETURN_TYPE = YES_ERROR;
				GCC_WARN_UNDECLARED_SELECTOR = YES;
				GCC_WARN_UNINITIALIZED_AUTOS = YES_AGGRESSIVE;
				GCC_WARN_UNUSED_FUNCTION = YES;
				GCC_WARN_UNUSED_VARIABLE = YES;
				IPHONEOS_DEPLOYMENT_TARGET = 16.0;
				MTL_ENABLE_DEBUG_INFO = INCLUDE_SOURCE;
				MTL_FAST_MATH = YES;
				ONLY_ACTIVE_ARCH = YES;
				SDKROOT = iphoneos;
				SWIFT_ACTIVE_COMPILATION_CONDITIONS = DEBUG;
				SWIFT_OPTIMIZATION_LEVEL = "-Onone";
			};
			name = Debug;
		};
		639031B129407902000D4795 /* Release */ = {
			isa = XCBuildConfiguration;
			buildSettings = {
				ALWAYS_SEARCH_USER_PATHS = NO;
				CLANG_ANALYZER_NONNULL = YES;
				CLANG_ANALYZER_NUMBER_OBJECT_CONVERSION = YES_AGGRESSIVE;
				CLANG_CXX_LANGUAGE_STANDARD = "gnu++20";
				CLANG_ENABLE_MODULES = YES;
				CLANG_ENABLE_OBJC_ARC = YES;
				CLANG_ENABLE_OBJC_WEAK = YES;
				CLANG_WARN_BLOCK_CAPTURE_AUTORELEASING = YES;
				CLANG_WARN_BOOL_CONVERSION = YES;
				CLANG_WARN_COMMA = YES;
				CLANG_WARN_CONSTANT_CONVERSION = YES;
				CLANG_WARN_DEPRECATED_OBJC_IMPLEMENTATIONS = YES;
				CLANG_WARN_DIRECT_OBJC_ISA_USAGE = YES_ERROR;
				CLANG_WARN_DOCUMENTATION_COMMENTS = YES;
				CLANG_WARN_EMPTY_BODY = YES;
				CLANG_WARN_ENUM_CONVERSION = YES;
				CLANG_WARN_INFINITE_RECURSION = YES;
				CLANG_WARN_INT_CONVERSION = YES;
				CLANG_WARN_NON_LITERAL_NULL_CONVERSION = YES;
				CLANG_WARN_OBJC_IMPLICIT_RETAIN_SELF = YES;
				CLANG_WARN_OBJC_LITERAL_CONVERSION = YES;
				CLANG_WARN_OBJC_ROOT_CLASS = YES_ERROR;
				CLANG_WARN_QUOTED_INCLUDE_IN_FRAMEWORK_HEADER = YES;
				CLANG_WARN_RANGE_LOOP_ANALYSIS = YES;
				CLANG_WARN_STRICT_PROTOTYPES = YES;
				CLANG_WARN_SUSPICIOUS_MOVE = YES;
				CLANG_WARN_UNGUARDED_AVAILABILITY = YES_AGGRESSIVE;
				CLANG_WARN_UNREACHABLE_CODE = YES;
				CLANG_WARN__DUPLICATE_METHOD_MATCH = YES;
				COPY_PHASE_STRIP = NO;
				DEBUG_INFORMATION_FORMAT = "dwarf-with-dsym";
				ENABLE_NS_ASSERTIONS = NO;
				ENABLE_STRICT_OBJC_MSGSEND = YES;
				GCC_C_LANGUAGE_STANDARD = gnu11;
				GCC_NO_COMMON_BLOCKS = YES;
				GCC_WARN_64_TO_32_BIT_CONVERSION = YES;
				GCC_WARN_ABOUT_RETURN_TYPE = YES_ERROR;
				GCC_WARN_UNDECLARED_SELECTOR = YES;
				GCC_WARN_UNINITIALIZED_AUTOS = YES_AGGRESSIVE;
				GCC_WARN_UNUSED_FUNCTION = YES;
				GCC_WARN_UNUSED_VARIABLE = YES;
				IPHONEOS_DEPLOYMENT_TARGET = 16.0;
				MTL_ENABLE_DEBUG_INFO = NO;
				MTL_FAST_MATH = YES;
				SDKROOT = iphoneos;
				SWIFT_COMPILATION_MODE = wholemodule;
				SWIFT_OPTIMIZATION_LEVEL = "-O";
				VALIDATE_PRODUCT = YES;
			};
			name = Release;
		};
		639031B329407902000D4795 /* Debug */ = {
			isa = XCBuildConfiguration;
			baseConfigurationReference = D102B7F6880DF14AB8501ABE /* Pods-TwitterProject(Rx+MVVM).debug.xcconfig */;
			buildSettings = {
				ASSETCATALOG_COMPILER_APPICON_NAME = AppIcon;
				ASSETCATALOG_COMPILER_GLOBAL_ACCENT_COLOR_NAME = AccentColor;
				CODE_SIGN_STYLE = Automatic;
				CURRENT_PROJECT_VERSION = 1;
				DEVELOPMENT_TEAM = BGU99JP2HN;
				GENERATE_INFOPLIST_FILE = YES;
				INFOPLIST_FILE = "TwitterProject(Rx+MVVM)/Info.plist";
				INFOPLIST_KEY_UIApplicationSupportsIndirectInputEvents = YES;
				INFOPLIST_KEY_UILaunchStoryboardName = LaunchScreen;
				INFOPLIST_KEY_UISupportedInterfaceOrientations_iPad = "UIInterfaceOrientationPortrait UIInterfaceOrientationPortraitUpsideDown UIInterfaceOrientationLandscapeLeft UIInterfaceOrientationLandscapeRight";
				INFOPLIST_KEY_UISupportedInterfaceOrientations_iPhone = "UIInterfaceOrientationPortrait UIInterfaceOrientationLandscapeLeft UIInterfaceOrientationLandscapeRight";
				LD_RUNPATH_SEARCH_PATHS = (
					"$(inherited)",
					"@executable_path/Frameworks",
				);
				MARKETING_VERSION = 1.0;
				PRODUCT_BUNDLE_IDENTIFIER = "kyle.TwitterProject-Rx-MVVM-";
				PRODUCT_NAME = "$(TARGET_NAME)";
				SUPPORTED_PLATFORMS = "iphoneos iphonesimulator";
				SUPPORTS_MACCATALYST = NO;
				SUPPORTS_MAC_DESIGNED_FOR_IPHONE_IPAD = NO;
				SWIFT_EMIT_LOC_STRINGS = YES;
				SWIFT_VERSION = 5.0;
				TARGETED_DEVICE_FAMILY = 1;
			};
			name = Debug;
		};
		639031B429407902000D4795 /* Release */ = {
			isa = XCBuildConfiguration;
			baseConfigurationReference = 8A45E3C98C40A718E639EE28 /* Pods-TwitterProject(Rx+MVVM).release.xcconfig */;
			buildSettings = {
				ASSETCATALOG_COMPILER_APPICON_NAME = AppIcon;
				ASSETCATALOG_COMPILER_GLOBAL_ACCENT_COLOR_NAME = AccentColor;
				CODE_SIGN_STYLE = Automatic;
				CURRENT_PROJECT_VERSION = 1;
				DEVELOPMENT_TEAM = BGU99JP2HN;
				GENERATE_INFOPLIST_FILE = YES;
				INFOPLIST_FILE = "TwitterProject(Rx+MVVM)/Info.plist";
				INFOPLIST_KEY_UIApplicationSupportsIndirectInputEvents = YES;
				INFOPLIST_KEY_UILaunchStoryboardName = LaunchScreen;
				INFOPLIST_KEY_UISupportedInterfaceOrientations_iPad = "UIInterfaceOrientationPortrait UIInterfaceOrientationPortraitUpsideDown UIInterfaceOrientationLandscapeLeft UIInterfaceOrientationLandscapeRight";
				INFOPLIST_KEY_UISupportedInterfaceOrientations_iPhone = "UIInterfaceOrientationPortrait UIInterfaceOrientationLandscapeLeft UIInterfaceOrientationLandscapeRight";
				LD_RUNPATH_SEARCH_PATHS = (
					"$(inherited)",
					"@executable_path/Frameworks",
				);
				MARKETING_VERSION = 1.0;
				PRODUCT_BUNDLE_IDENTIFIER = "kyle.TwitterProject-Rx-MVVM-";
				PRODUCT_NAME = "$(TARGET_NAME)";
				SUPPORTED_PLATFORMS = "iphoneos iphonesimulator";
				SUPPORTS_MACCATALYST = NO;
				SUPPORTS_MAC_DESIGNED_FOR_IPHONE_IPAD = NO;
				SWIFT_EMIT_LOC_STRINGS = YES;
				SWIFT_VERSION = 5.0;
				TARGETED_DEVICE_FAMILY = 1;
			};
			name = Release;
		};
/* End XCBuildConfiguration section */

/* Begin XCConfigurationList section */
		6390319929407901000D4795 /* Build configuration list for PBXProject "TwitterProject(Rx+MVVM)" */ = {
			isa = XCConfigurationList;
			buildConfigurations = (
				639031B029407902000D4795 /* Debug */,
				639031B129407902000D4795 /* Release */,
			);
			defaultConfigurationIsVisible = 0;
			defaultConfigurationName = Release;
		};
		639031B229407902000D4795 /* Build configuration list for PBXNativeTarget "TwitterProject(Rx+MVVM)" */ = {
			isa = XCConfigurationList;
			buildConfigurations = (
				639031B329407902000D4795 /* Debug */,
				639031B429407902000D4795 /* Release */,
			);
			defaultConfigurationIsVisible = 0;
			defaultConfigurationName = Release;
		};
/* End XCConfigurationList section */
	};
	rootObject = 6390319629407901000D4795 /* Project object */;
}
